
Microsoft Visual Studio Solution File, Format Version 12.00
# Visual Studio Version 17
VisualStudioVersion = 17.4.33213.308
MinimumVisualStudioVersion = 10.0.40219.1
Project("{9A19103F-16F7-4668-BE54-9A1E7A4F7556}") = "CvProject.BLL", "CvProject.BLL\CvProject.BLL.csproj", "{E45F2C3C-9F95-4957-94B5-AC81D0386347}"
EndProject
Project("{9A19103F-16F7-4668-BE54-9A1E7A4F7556}") = "CvProject.CORE", "CvProject.CORE\CvProject.CORE.csproj", "{91F923BA-AE41-4DDA-B092-084A45E89EC2}"
EndProject
Project("{9A19103F-16F7-4668-BE54-9A1E7A4F7556}") = "CvProject.DAL", "CvProject.DAL\CvProject.DAL.csproj", "{195F1F98-2B3D-4597-ACF0-2DE920014A43}"
EndProject
Project("{9A19103F-16F7-4668-BE54-9A1E7A4F7556}") = "CvProject.ENTITY", "CvProject.ENTITY\CvProject.ENTITY.csproj", "{534F091E-E09C-46DC-93A0-A400A07DF338}"
EndProject
Project("{9A19103F-16F7-4668-BE54-9A1E7A4F7556}") = "CvProject.API", "CvProject.API\CvProject.API.csproj", "{DB453A03-50A0-4CD9-A732-4348AA3AF49F}"
EndProject
Project("{FAE04EC0-301F-11D3-BF4B-00C04F79EFBC}") = "CvProject.MVC", "CvProject.MVC\CvProject.MVC.csproj", "{083F1A7A-8B7C-4B15-A4A3-2068B42917B1}"
EndProject
Global
	GlobalSection(SolutionConfigurationPlatforms) = preSolution
		Debug|Any CPU = Debug|Any CPU
		Release|Any CPU = Release|Any CPU
	EndGlobalSection
	GlobalSection(ProjectConfigurationPlatforms) = postSolution
		{E45F2C3C-9F95-4957-94B5-AC81D0386347}.Debug|Any CPU.ActiveCfg = Debug|Any CPU
		{E45F2C3C-9F95-4957-94B5-AC81D0386347}.Debug|Any CPU.Build.0 = Debug|Any CPU
		{E45F2C3C-9F95-4957-94B5-AC81D0386347}.Release|Any CPU.ActiveCfg = Release|Any CPU
		{E45F2C3C-9F95-4957-94B5-AC81D0386347}.Release|Any CPU.Build.0 = Release|Any CPU
		{91F923BA-AE41-4DDA-B092-084A45E89EC2}.Debug|Any CPU.ActiveCfg = Debug|Any CPU
		{91F923BA-AE41-4DDA-B092-084A45E89EC2}.Debug|Any CPU.Build.0 = Debug|Any CPU
		{91F923BA-AE41-4DDA-B092-084A45E89EC2}.Release|Any CPU.ActiveCfg = Release|Any CPU
		{91F923BA-AE41-4DDA-B092-084A45E89EC2}.Release|Any CPU.Build.0 = Release|Any CPU
		{195F1F98-2B3D-4597-ACF0-2DE920014A43}.Debug|Any CPU.ActiveCfg = Debug|Any CPU
		{195F1F98-2B3D-4597-ACF0-2DE920014A43}.Debug|Any CPU.Build.0 = Debug|Any CPU
		{195F1F98-2B3D-4597-ACF0-2DE920014A43}.Release|Any CPU.ActiveCfg = Release|Any CPU
		{195F1F98-2B3D-4597-ACF0-2DE920014A43}.Release|Any CPU.Build.0 = Release|Any CPU
		{534F091E-E09C-46DC-93A0-A400A07DF338}.Debug|Any CPU.ActiveCfg = Debug|Any CPU
		{534F091E-E09C-46DC-93A0-A400A07DF338}.Debug|Any CPU.Build.0 = Debug|Any CPU
		{534F091E-E09C-46DC-93A0-A400A07DF338}.Release|Any CPU.ActiveCfg = Release|Any CPU
		{534F091E-E09C-46DC-93A0-A400A07DF338}.Release|Any CPU.Build.0 = Release|Any CPU
		{DB453A03-50A0-4CD9-A732-4348AA3AF49F}.Debug|Any CPU.ActiveCfg = Debug|Any CPU
		{DB453A03-50A0-4CD9-A732-4348AA3AF49F}.Debug|Any CPU.Build.0 = Debug|Any CPU
		{DB453A03-50A0-4CD9-A732-4348AA3AF49F}.Release|Any CPU.ActiveCfg = Release|Any CPU
		{DB453A03-50A0-4CD9-A732-4348AA3AF49F}.Release|Any CPU.Build.0 = Release|Any CPU
		{083F1A7A-8B7C-4B15-A4A3-2068B42917B1}.Debug|Any CPU.ActiveCfg = Debug|Any CPU
		{083F1A7A-8B7C-4B15-A4A3-2068B42917B1}.Debug|Any CPU.Build.0 = Debug|Any CPU
		{083F1A7A-8B7C-4B15-A4A3-2068B42917B1}.Release|Any CPU.ActiveCfg = Release|Any CPU
		{083F1A7A-8B7C-4B15-A4A3-2068B42917B1}.Release|Any CPU.Build.0 = Release|Any CPU
	EndGlobalSection
	GlobalSection(SolutionProperties) = preSolution
		HideSolutionNode = FALSE
	EndGlobalSection
	GlobalSection(ExtensibilityGlobals) = postSolution
		SolutionGuid = {3B35E9B9-563B-4597-A8A0-260EB855AE74}
	EndGlobalSection
EndGlobal
